
Microsoft Visual Studio Solution File, Format Version 12.00
# Visual Studio 14
VisualStudioVersion = 14.0.24720.0
MinimumVisualStudioVersion = 10.0.40219.1
Project("{FAE04EC0-301F-11D3-BF4B-00C04F79EFBC}") = "ImageBaseTest", "ImageBaseTest\ImageBaseTest.csproj", "{57E14EEE-DD4A-460E-98C6-3E11931BAB78}"
EndProject
Project("{FAE04EC0-301F-11D3-BF4B-00C04F79EFBC}") = "UnitTestProject", "UnitTestProject\UnitTestProject.csproj", "{73AF5116-CD13-4365-8C68-0E48F2A3E3BE}"
EndProject
Global
	GlobalSection(SolutionConfigurationPlatforms) = preSolution
		Debug|Any CPU = Debug|Any CPU
		Release|Any CPU = Release|Any CPU
	EndGlobalSection
	GlobalSection(ProjectConfigurationPlatforms) = postSolution
		{57E14EEE-DD4A-460E-98C6-3E11931BAB78}.Debug|Any CPU.ActiveCfg = Debug|Any CPU
		{57E14EEE-DD4A-460E-98C6-3E11931BAB78}.Debug|Any CPU.Build.0 = Debug|Any CPU
		{57E14EEE-DD4A-460E-98C6-3E11931BAB78}.Release|Any CPU.ActiveCfg = Release|Any CPU
		{57E14EEE-DD4A-460E-98C6-3E11931BAB78}.Release|Any CPU.Build.0 = Release|Any CPU
		{73AF5116-CD13-4365-8C68-0E48F2A3E3BE}.Debug|Any CPU.ActiveCfg = Debug|Any CPU
		{73AF5116-CD13-4365-8C68-0E48F2A3E3BE}.Debug|Any CPU.Build.0 = Debug|Any CPU
		{73AF5116-CD13-4365-8C68-0E48F2A3E3BE}.Release|Any CPU.ActiveCfg = Release|Any CPU
		{73AF5116-CD13-4365-8C68-0E48F2A3E3BE}.Release|Any CPU.Build.0 = Release|Any CPU
	EndGlobalSection
	GlobalSection(SolutionProperties) = preSolution
		HideSolutionNode = FALSE
	EndGlobalSection
EndGlobal
